
Microsoft Visual Studio Solution File, Format Version 12.00
# Visual Studio Version 16
VisualStudioVersion = 16.0.31702.278
MinimumVisualStudioVersion = 10.0.40219.1
Project("{FAE04EC0-301F-11D3-BF4B-00C04F79EFBC}") = "DemoProject1", "DemoProject1\DemoProject1.csproj", "{80B6237D-C3C0-4161-A109-881913761346}"
EndProject
Global
	GlobalSection(SolutionConfigurationPlatforms) = preSolution
		Debug|Any CPU = Debug|Any CPU
		Release|Any CPU = Release|Any CPU
	EndGlobalSection
	GlobalSection(ProjectConfigurationPlatforms) = postSolution
		{80B6237D-C3C0-4161-A109-881913761346}.Debug|Any CPU.ActiveCfg = Debug|Any CPU
		{80B6237D-C3C0-4161-A109-881913761346}.Debug|Any CPU.Build.0 = Debug|Any CPU
		{80B6237D-C3C0-4161-A109-881913761346}.Release|Any CPU.ActiveCfg = Release|Any CPU
		{80B6237D-C3C0-4161-A109-881913761346}.Release|Any CPU.Build.0 = Release|Any CPU
	EndGlobalSection
	GlobalSection(SolutionProperties) = preSolution
		HideSolutionNode = FALSE
	EndGlobalSection
	GlobalSection(ExtensibilityGlobals) = postSolution
		SolutionGuid = {57B9D3DA-1ED8-4077-A3E9-E3ED0933BC4A}
	EndGlobalSection
EndGlobal
